
Microsoft Visual Studio Solution File, Format Version 12.00
# Visual Studio Version 16
VisualStudioVersion = 16.0.30611.23
MinimumVisualStudioVersion = 10.0.40219.1
Project("{FAE04EC0-301F-11D3-BF4B-00C04F79EFBC}") = "Locadora.WebApi", "Locadora.WebApi.csproj", "{EAF585F9-8301-4FA5-87EB-F116E627A8CB}"
EndProject
Global
	GlobalSection(SolutionConfigurationPlatforms) = preSolution
		Debug|Any CPU = Debug|Any CPU
		Release|Any CPU = Release|Any CPU
	EndGlobalSection
	GlobalSection(ProjectConfigurationPlatforms) = postSolution
		{EAF585F9-8301-4FA5-87EB-F116E627A8CB}.Debug|Any CPU.ActiveCfg = Debug|Any CPU
		{EAF585F9-8301-4FA5-87EB-F116E627A8CB}.Debug|Any CPU.Build.0 = Debug|Any CPU
		{EAF585F9-8301-4FA5-87EB-F116E627A8CB}.Release|Any CPU.ActiveCfg = Release|Any CPU
		{EAF585F9-8301-4FA5-87EB-F116E627A8CB}.Release|Any CPU.Build.0 = Release|Any CPU
	EndGlobalSection
	GlobalSection(SolutionProperties) = preSolution
		HideSolutionNode = FALSE
	EndGlobalSection
	GlobalSection(ExtensibilityGlobals) = postSolution
		SolutionGuid = {B96774C8-745E-4A76-8B3D-7731E3AE923D}
	EndGlobalSection
EndGlobal
